#MicroXplorer Configuration settings - do not modify
Mcu.Family=STM32F4
RCC.PLLSourceVirtual=RCC_PLLSOURCE_HSE
ProjectManager.MainLocation=Core/Src
QUADSPI.ChipSelectHighTime=QSPI_CS_HIGH_TIME_6_CYCLE
RCC.I2SFreq_Value=192000000
NVIC.QUADSPI_IRQn=true\:0\:0\:false\:false\:true\:true\:true
ProjectManager.ProjectFileName=QSPI_Test_F469I.ioc
RCC.CortexFreq_Value=180000000
PG6.Signal=GPIO_Output
RCC.PLLDSIIDF=DSI_PLL_IN_DIV2
ProjectManager.KeepUserCode=true
Mcu.UserName=STM32F469NIHx
Mcu.PinsNb=12
QUADSPI.ClockPrescaler=1
PB10.Mode=Asynchronous
ProjectManager.NoMain=false
PG6.Locked=true
RCC.PLLCLKFreq_Value=180000000
RCC.PLLRFreq_Value=60000000
RCC.PLLQCLKFreq_Value=60000000
ProjectManager.functionlistsort=1-MX_GPIO_Init-GPIO-false-HAL-true,2-SystemClock_Config-RCC-false-HAL-false,3-MX_QUADSPI_Init-QUADSPI-false-HAL-true,4-MX_USART3_UART_Init-USART3-false-HAL-true
RCC.RTCFreq_Value=32000
RCC.PLLDSIFreq_Value=500000000
ProjectManager.DefaultFWLocation=true
RCC.PLLI2SRCLKFreq_Value=192000000
ProjectManager.DeletePrevious=true
RCC.APB1CLKDivider=RCC_HCLK_DIV4
PB10.Locked=true
PB11.Signal=USART3_RX
boardIOC=true
RCC.SAIAFreq_Value=144000000
QUADSPI.IPParameters=ClockPrescaler,FifoThreshold,SampleShifting,FlashSize,ChipSelectHighTime
PinOutPanel.RotationAngle=0
PinOutPanel.CurrentBGAView=Top
RCC.FamilyName=M
RCC.SYSCLKSource=RCC_SYSCLKSOURCE_PLLCLK
ProjectManager.StackSize=0x400
RCC.PLLSAIRDiv=RCC_PLLSAIDIVR_4
RCC.DSITXEscFreq_Value=15625000
Mcu.IP4=USART3
PF7.Mode=Single Bank 1
RCC.FCLKCortexFreq_Value=180000000
NVIC.SVCall_IRQn=true\:0\:0\:false\:false\:true\:false\:false
Mcu.IP2=RCC
Mcu.IP3=SYS
Mcu.IP0=NVIC
Mcu.IP1=QUADSPI
PF9.Locked=true
Mcu.UserConstants=
PB11.Mode=Asynchronous
PF6.Signal=QUADSPI_BK1_IO3
ProjectManager.TargetToolchain=STM32CubeIDE
PF7.Signal=QUADSPI_BK1_IO2
RCC.LCDTFTFreq_Value=36000000
Mcu.ThirdPartyNb=0
RCC.PLLDSIVCOFreq_Value=1000000000
RCC.SDIOFreq_Value=48000000
PH0/OSC_IN.Mode=HSE-External-Oscillator
RCC.HCLKFreq_Value=180000000
Mcu.IPNb=5
ProjectManager.PreviousToolchain=
RCC.APB2TimFreq_Value=180000000
PB6.Signal=QUADSPI_BK1_NCS
PB6.Mode=Single Bank 1
PH1/OSC_OUT.Signal=RCC_OSC_OUT
Mcu.Pin6=PF10
Mcu.Pin7=PF9
ProjectManager.RegisterCallBack=
Mcu.Pin8=PF8
RCC.USBFreq_Value=48000000
Mcu.Pin9=PB10
RCC.VCOSAIOutputFreq_Value=288000000
QUADSPI.FlashSize=24-1
RCC.AHBFreq_Value=180000000
Mcu.Pin0=PB6
Mcu.Pin1=PH0/OSC_IN
GPIO.groupedBy=Group By Peripherals
Mcu.Pin2=PH1/OSC_OUT
PB10.Signal=USART3_TX
Mcu.Pin3=PG6
Mcu.Pin4=PF7
RCC.VCOI2SOutputFreq_Value=384000000
Mcu.Pin5=PF6
RCC.USBCLockSelection=RCC_CLK48CLKSOURCE_PLLSAIP
RCC.PLLSAIRCLKFreq_Value=144000000
ProjectManager.ProjectBuild=false
RCC.HSE_VALUE=8000000
NVIC.UsageFault_IRQn=true\:0\:0\:false\:false\:true\:false\:false
NVIC.DebugMonitor_IRQn=true\:0\:0\:false\:false\:true\:false\:false
RCC.PLLSAIPCLKFreq_Value=48000000
board=STM32F469I-DISCO
RCC.VCOOutputFreq_Value=360000000
NVIC.SysTick_IRQn=true\:0\:0\:false\:false\:true\:false\:true
ProjectManager.LastFirmware=true
ProjectManager.FirmwarePackage=STM32Cube FW_F4 V1.26.2
PH0/OSC_IN.Signal=RCC_OSC_IN
MxDb.Version=DB.6.0.21
RCC.APB2Freq_Value=90000000
PF9.Mode=Single Bank 1
ProjectManager.BackupPrevious=true
MxCube.Version=6.2.1
RCC.VCOInputFreq_Value=2000000
RCC.PLLDSINDIV=125
PF10.Signal=QUADSPI_CLK
File.Version=6
VP_SYS_VS_Systick.Mode=SysTick
RCC.EthernetFreq_Value=180000000
PF8.Mode=Single Bank 1
NVIC.NonMaskableInt_IRQn=true\:0\:0\:false\:false\:true\:false\:false
QUADSPI.FifoThreshold=4
RCC.PLLRCLKFreq_Value=60000000
NVIC.PendSV_IRQn=true\:0\:0\:false\:false\:true\:false\:false
ProjectManager.FreePins=false
RCC.IPParameters=AHBFreq_Value,APB1CLKDivider,APB1Freq_Value,APB1TimFreq_Value,APB2CLKDivider,APB2Freq_Value,APB2TimFreq_Value,CortexFreq_Value,DSIFreq_Value,DSITXEscFreq_Value,EthernetFreq_Value,FCLKCortexFreq_Value,FamilyName,HCLKFreq_Value,HSE_VALUE,I2SFreq_Value,LCDTFTFreq_Value,MCO2PinFreq_Value,PLLCLKFreq_Value,PLLDSIFreq_Value,PLLDSIIDF,PLLDSINDIV,PLLDSIVCOFreq_Value,PLLI2SQCLKFreq_Value,PLLI2SRCLKFreq_Value,PLLM,PLLN,PLLQ,PLLQCLKFreq_Value,PLLR,PLLRCLKFreq_Value,PLLRFreq_Value,PLLSAIN,PLLSAIP,PLLSAIPCLKFreq_Value,PLLSAIQ,PLLSAIQCLKFreq_Value,PLLSAIRCLKFreq_Value,PLLSAIRDiv,PLLSourceVirtual,RTCFreq_Value,RTCHSEDivFreq_Value,SAIAFreq_Value,SAIBFreq_Value,SDIOFreq_Value,SYSCLKFreq_VALUE,SYSCLKSource,USBCLockSelection,USBFreq_Value,VCOI2SOutputFreq_Value,VCOInputFreq_Value,VCOOutputFreq_Value,VCOSAIOutputFreq_Value
PH1/OSC_OUT.Mode=HSE-External-Oscillator
QUADSPI.SampleShifting=QSPI_SAMPLE_SHIFTING_HALFCYCLE
ProjectManager.AskForMigrate=true
Mcu.Name=STM32F469NIHx
RCC.PLLI2SQCLKFreq_Value=96000000
ProjectManager.HalAssertFull=false
RCC.RTCHSEDivFreq_Value=4000000
ProjectManager.ProjectName=QSPI_Test_F469I
ProjectManager.UnderRoot=true
ProjectManager.CoupleFile=true
RCC.MCO2PinFreq_Value=180000000
RCC.SYSCLKFreq_VALUE=180000000
Mcu.Package=TFBGA216
NVIC.ForceEnableDMAVector=true
KeepUserPlacement=false
USART3.VirtualMode=VM_ASYNC
NVIC.MemoryManagement_IRQn=true\:0\:0\:false\:false\:true\:false\:false
ProjectManager.CompilerOptimize=6
ProjectManager.ToolChainLocation=
VP_SYS_VS_Systick.Signal=SYS_VS_Systick
RCC.DSIFreq_Value=62500000
USART3.IPParameters=VirtualMode
ProjectManager.HeapSize=0x200
PF8.Signal=QUADSPI_BK1_IO0
NVIC.HardFault_IRQn=true\:0\:0\:false\:false\:true\:false\:false
PF7.Locked=true
PF8.Locked=true
PF6.Mode=Single Bank 1
ProjectManager.ComputerToolchain=false
PF9.Signal=QUADSPI_BK1_IO1
RCC.PLLSAIN=144
RCC.PLLSAIP=RCC_PLLSAIP_DIV6
RCC.PLLQ=6
NVIC.PriorityGroup=NVIC_PRIORITYGROUP_4
RCC.PLLR=6
RCC.APB2CLKDivider=RCC_HCLK_DIV2
RCC.PLLSAIQ=2
Mcu.Pin11=VP_SYS_VS_Systick
RCC.PLLM=4
RCC.PLLN=180
Mcu.Pin10=PB11
RCC.APB1TimFreq_Value=90000000
NVIC.BusFault_IRQn=true\:0\:0\:false\:false\:true\:false\:false
PF10.Mode=Single Bank 1
RCC.SAIBFreq_Value=144000000
RCC.APB1Freq_Value=45000000
ProjectManager.CustomerFirmwarePackage=
PB11.Locked=true
ProjectManager.DeviceId=STM32F469NIHx
ProjectManager.LibraryCopy=1
RCC.PLLSAIQCLKFreq_Value=144000000
isbadioc=false
